{
  "name": "renovate-tsconfig-bases",
  "version": "1.0.0",
  "lockfileVersion": 3,
  "requires": true,
  "packages": {
    "": {
      "name": "renovate-tsconfig-bases",
      "version": "1.0.0",
      "license": "ISC",
      "dependencies": {
        "@tsconfig/node20": "20.1.8"
      }
    },
    "node_modules/@tsconfig/node20": {
      "version": "20.1.8",
      "resolved": "https://registry.npmjs.org/@tsconfig/node20/-/node20-20.1.8.tgz",
      "integrity": "sha512-Em+IdPfByIzWRRpqWL4Z7ArLHZGxmc36BxE3jCz9nBFSm+5aLaPMZyjwu4yetvyKXeogWcxik4L1jB5JTWfw7A==",
      "license": "MIT"
    }
  }
}
