{
  "name": "renovate-tsconfig-bases",
  "version": "1.0.0",
  "lockfileVersion": 3,
  "requires": true,
  "packages": {
    "": {
      "name": "renovate-tsconfig-bases",
      "version": "1.0.0",
      "license": "ISC",
      "dependencies": {
        "@tsconfig/node22": "22.0.0"
      }
    },
    "node_modules/@tsconfig/node22": {
      "version": "22.0.0",
      "resolved": "https://registry.npmjs.org/@tsconfig/node22/-/node22-22.0.0.tgz",
      "integrity": "sha512-twLQ77zevtxobBOD4ToAtVmuYrpeYUh3qh+TEp+08IWhpsrIflVHqQ1F1CiPxQGL7doCdBIOOCF+1Tm833faNg==",
      "license": "MIT"
    }
  }
}
