{
  "name": "renovate-tsconfig-bases",
  "version": "1.0.0",
  "lockfileVersion": 3,
  "requires": true,
  "packages": {
    "": {
      "name": "renovate-tsconfig-bases",
      "version": "1.0.0",
      "license": "ISC",
      "dependencies": {
        "@tsconfig/node20": "20.1.5"
      }
    },
    "node_modules/.pnpm/@tsconfig+node20@20.1.5/node_modules/@tsconfig/node20": {
      "version": "20.1.5",
      "license": "MIT"
    },
    "node_modules/@tsconfig/node20": {
      "resolved": "node_modules/.pnpm/@tsconfig+node20@20.1.5/node_modules/@tsconfig/node20",
      "link": true
    }
  }
}
