lockfileVersion: '9.0'

settings:
  autoInstallPeers: true
  excludeLinksFromLockfile: false

importers:

  .:
    dependencies:
      '@tsconfig/node20':
        specifier: 20.1.8
        version: 20.1.8

packages:

  '@tsconfig/node20@20.1.8':
    resolution: {integrity: sha512-Em+IdPfByIzWRRpqWL4Z7ArLHZGxmc36BxE3jCz9nBFSm+5aLaPMZyjwu4yetvyKXeogWcxik4L1jB5JTWfw7A==}

snapshots:

  '@tsconfig/node20@20.1.8': {}
