lockfileVersion: '9.0'

settings:
  autoInstallPeers: true
  excludeLinksFromLockfile: false

importers:

  .:
    dependencies:
      '@tsconfig/node20':
        specifier: 20.1.6
        version: 20.1.6

packages:

  '@tsconfig/node20@20.1.6':
    resolution: {integrity: sha512-sz+Hqx9zwZDpZIV871WSbUzSqNIsXzghZydypnfgzPKLltVJfkINfUeTct31n/tTSa9ZE1ZOfKdRre1uHHquYQ==}

snapshots:

  '@tsconfig/node20@20.1.6': {}
